# This file was autogenerated by Stack.
# You should not edit this file by hand.
# For more information, please see the documentation at:
#   https://docs.haskellstack.org/en/stable/lock_files

packages:
- completed:
    commit: dd6c48d1b7c67925da88e96477813cbf81e81ae6
    git: https://github.com/jvranish/FixedList
    name: fixed-list
    pantry-tree:
      sha256: 8bb6b181366b62e56c06519eb93291771b96eb9593aa67aaeeede7df14b7747d
      size: 319
    version: 0.1.6
  original:
    commit: dd6c48d1b7c67925da88e96477813cbf81e81ae6
    git: https://github.com/jvranish/FixedList
- completed:
    commit: b516a71f960149ff6cec163e2ee0c61478e913e0
    git: https://github.com/flipstone/flipstone-prelude.git
    name: flipstone-prelude
    pantry-tree:
      sha256: 353f9ee4141f50c0440a6289f377362f130ef014c22f66dce9ee22507cad04e9
      size: 728
    version: 0.1.0.0
  original:
    commit: b516a71f960149ff6cec163e2ee0c61478e913e0
    git: https://github.com/flipstone/flipstone-prelude.git
snapshots:
- completed:
    sha256: 42f77c84b34f68c30c2cd0bf8c349f617a0f428264362426290847a6a2019b64
    size: 649618
    url: https://raw.githubusercontent.com/commercialhaskell/stackage-snapshots/master/lts/20/19.yaml
  original:
    url: https://raw.githubusercontent.com/commercialhaskell/stackage-snapshots/master/lts/20/19.yaml
